
Microsoft Visual Studio Solution File, Format Version 12.00
# Visual Studio Version 17
VisualStudioVersion = 17.5.33530.505
MinimumVisualStudioVersion = 10.0.40219.1
Project("{888888A0-9F3D-457C-B088-3A5042F75D52}") = "Py.lidar", "Py.lidar.pyproj", "{0A74DCFF-4EBD-43FB-AE62-6B1878AB0B3C}"
EndProject
Global
	GlobalSection(SolutionConfigurationPlatforms) = preSolution
		Debug|Any CPU = Debug|Any CPU
		Release|Any CPU = Release|Any CPU
	EndGlobalSection
	GlobalSection(ProjectConfigurationPlatforms) = postSolution
		{0A74DCFF-4EBD-43FB-AE62-6B1878AB0B3C}.Debug|Any CPU.ActiveCfg = Debug|Any CPU
		{0A74DCFF-4EBD-43FB-AE62-6B1878AB0B3C}.Release|Any CPU.ActiveCfg = Release|Any CPU
	EndGlobalSection
	GlobalSection(SolutionProperties) = preSolution
		HideSolutionNode = FALSE
	EndGlobalSection
	GlobalSection(ExtensibilityGlobals) = postSolution
		SolutionGuid = {E55C9537-DF3A-4F91-9E9E-41C6B71C46D7}
	EndGlobalSection
EndGlobal
